
Microsoft Visual Studio Solution File, Format Version 12.00
# Visual Studio Version 16
VisualStudioVersion = 16.0.30413.136
MinimumVisualStudioVersion = 10.0.40219.1
Project("{9A19103F-16F7-4668-BE54-9A1E7A4F7556}") = "Zork", "Zork.csproj", "{90269DFF-2999-49E8-8345-EDE704AAEC0B}"
EndProject
Global
	GlobalSection(SolutionConfigurationPlatforms) = preSolution
		Debug|Any CPU = Debug|Any CPU
		Release|Any CPU = Release|Any CPU
	EndGlobalSection
	GlobalSection(ProjectConfigurationPlatforms) = postSolution
		{90269DFF-2999-49E8-8345-EDE704AAEC0B}.Debug|Any CPU.ActiveCfg = Debug|Any CPU
		{90269DFF-2999-49E8-8345-EDE704AAEC0B}.Debug|Any CPU.Build.0 = Debug|Any CPU
		{90269DFF-2999-49E8-8345-EDE704AAEC0B}.Release|Any CPU.ActiveCfg = Release|Any CPU
		{90269DFF-2999-49E8-8345-EDE704AAEC0B}.Release|Any CPU.Build.0 = Release|Any CPU
	EndGlobalSection
	GlobalSection(SolutionProperties) = preSolution
		HideSolutionNode = FALSE
	EndGlobalSection
	GlobalSection(ExtensibilityGlobals) = postSolution
		SolutionGuid = {BCC01F63-9D8B-4875-AD94-7865D1B505DA}
	EndGlobalSection
EndGlobal
